{
  "name": "testNPMFailure",
  "version": "1.0.0",
  "lockfileVersion": 1,
  "requires": true,
  "dependencies": {
    "lodash": {
      "version": "2.4.2",
      "resolved": "http://registry.npmjs.org/lodash/-/lodash-2.4.2.tgz",
      "integrity": "sha1-+t2DS5aDBz2hebPq5tnA0VBT9z4="
    },
    "wordo": {
      "version": "0.0.2",
      "resolved": "https://registry.npmjs.org/wordo/-/wordo-0.0.2.tgz",
      "integrity": "sha1-0DVlgUfN8aZ3CjvubxJ/l5A1tVQ=",
      "requires": {
        "lodash": "~1.2.1"
      },
      "dependencies": {
        "lodash": {
          "version": "1.2.1",
          "resolved": "http://registry.npmjs.org/lodash/-/lodash-1.2.1.tgz",
          "integrity": "sha1-7UexbkbwaytAMJto6RY8F+k+owQ="
        }
      }
    }
  }
}
